
Microsoft Visual Studio Solution File, Format Version 12.00
# Visual Studio Version 17
VisualStudioVersion = 17.11.35327.3
MinimumVisualStudioVersion = 10.0.40219.1
Project("{FAE04EC0-301F-11D3-BF4B-00C04F79EFBC}") = "sinemabiletsatısı", "sinemabiletsatısı\sinemabiletsatısı.csproj", "{13BC2F7A-1C64-43A7-963C-04AD7C603ABF}"
EndProject
Global
	GlobalSection(SolutionConfigurationPlatforms) = preSolution
		Debug|Any CPU = Debug|Any CPU
		Release|Any CPU = Release|Any CPU
	EndGlobalSection
	GlobalSection(ProjectConfigurationPlatforms) = postSolution
		{13BC2F7A-1C64-43A7-963C-04AD7C603ABF}.Debug|Any CPU.ActiveCfg = Debug|Any CPU
		{13BC2F7A-1C64-43A7-963C-04AD7C603ABF}.Debug|Any CPU.Build.0 = Debug|Any CPU
		{13BC2F7A-1C64-43A7-963C-04AD7C603ABF}.Release|Any CPU.ActiveCfg = Release|Any CPU
		{13BC2F7A-1C64-43A7-963C-04AD7C603ABF}.Release|Any CPU.Build.0 = Release|Any CPU
	EndGlobalSection
	GlobalSection(SolutionProperties) = preSolution
		HideSolutionNode = FALSE
	EndGlobalSection
	GlobalSection(ExtensibilityGlobals) = postSolution
		SolutionGuid = {DD61CD85-34CB-4062-BCBA-F1D0F3003453}
	EndGlobalSection
EndGlobal
